
Microsoft Visual Studio Solution File, Format Version 12.00
# Visual Studio 15
VisualStudioVersion = 15.0.28307.1082
MinimumVisualStudioVersion = 10.0.40219.1
Project("{FAE04EC0-301F-11D3-BF4B-00C04F79EFBC}") = "Calculator MVC", "Calculator MVC\Calculator MVC.csproj", "{282E85A7-7A58-468E-826D-12E226E104C3}"
EndProject
Global
	GlobalSection(SolutionConfigurationPlatforms) = preSolution
		Debug|Any CPU = Debug|Any CPU
		Release|Any CPU = Release|Any CPU
	EndGlobalSection
	GlobalSection(ProjectConfigurationPlatforms) = postSolution
		{282E85A7-7A58-468E-826D-12E226E104C3}.Debug|Any CPU.ActiveCfg = Debug|Any CPU
		{282E85A7-7A58-468E-826D-12E226E104C3}.Debug|Any CPU.Build.0 = Debug|Any CPU
		{282E85A7-7A58-468E-826D-12E226E104C3}.Release|Any CPU.ActiveCfg = Release|Any CPU
		{282E85A7-7A58-468E-826D-12E226E104C3}.Release|Any CPU.Build.0 = Release|Any CPU
	EndGlobalSection
	GlobalSection(SolutionProperties) = preSolution
		HideSolutionNode = FALSE
	EndGlobalSection
	GlobalSection(ExtensibilityGlobals) = postSolution
		SolutionGuid = {43E183C3-23A9-4610-868D-B1BCE884BC30}
	EndGlobalSection
EndGlobal
